
Microsoft Visual Studio Solution File, Format Version 12.00
# Visual Studio Version 17
VisualStudioVersion = 17.6.33815.320
MinimumVisualStudioVersion = 10.0.40219.1
Project("{FAE04EC0-301F-11D3-BF4B-00C04F79EFBC}") = "faculdade", "faculdade\faculdade.csproj", "{FC82E437-89A3-47B9-B945-CD82FB4DFCA2}"
EndProject
Global
	GlobalSection(SolutionConfigurationPlatforms) = preSolution
		Debug|Any CPU = Debug|Any CPU
		Release|Any CPU = Release|Any CPU
	EndGlobalSection
	GlobalSection(ProjectConfigurationPlatforms) = postSolution
		{FC82E437-89A3-47B9-B945-CD82FB4DFCA2}.Debug|Any CPU.ActiveCfg = Debug|Any CPU
		{FC82E437-89A3-47B9-B945-CD82FB4DFCA2}.Debug|Any CPU.Build.0 = Debug|Any CPU
		{FC82E437-89A3-47B9-B945-CD82FB4DFCA2}.Release|Any CPU.ActiveCfg = Release|Any CPU
		{FC82E437-89A3-47B9-B945-CD82FB4DFCA2}.Release|Any CPU.Build.0 = Release|Any CPU
	EndGlobalSection
	GlobalSection(SolutionProperties) = preSolution
		HideSolutionNode = FALSE
	EndGlobalSection
	GlobalSection(ExtensibilityGlobals) = postSolution
		SolutionGuid = {E5B06F74-2939-46D3-B9FB-758BCDE04681}
	EndGlobalSection
EndGlobal
